
Microsoft Visual Studio Solution File, Format Version 12.00
# Visual Studio Version 17
VisualStudioVersion = 17.7.34031.279
MinimumVisualStudioVersion = 10.0.40219.1
Project("{FAE04EC0-301F-11D3-BF4B-00C04F79EFBC}") = "MyStore", "MyStore\MyStore.csproj", "{C9002C33-34BB-437C-928A-63A41B54D5F8}"
EndProject
Global
	GlobalSection(SolutionConfigurationPlatforms) = preSolution
		Debug|Any CPU = Debug|Any CPU
		Release|Any CPU = Release|Any CPU
	EndGlobalSection
	GlobalSection(ProjectConfigurationPlatforms) = postSolution
		{C9002C33-34BB-437C-928A-63A41B54D5F8}.Debug|Any CPU.ActiveCfg = Debug|Any CPU
		{C9002C33-34BB-437C-928A-63A41B54D5F8}.Debug|Any CPU.Build.0 = Debug|Any CPU
		{C9002C33-34BB-437C-928A-63A41B54D5F8}.Release|Any CPU.ActiveCfg = Release|Any CPU
		{C9002C33-34BB-437C-928A-63A41B54D5F8}.Release|Any CPU.Build.0 = Release|Any CPU
	EndGlobalSection
	GlobalSection(SolutionProperties) = preSolution
		HideSolutionNode = FALSE
	EndGlobalSection
	GlobalSection(ExtensibilityGlobals) = postSolution
		SolutionGuid = {8285E4C8-E24D-4B26-B679-F9892E32C820}
	EndGlobalSection
EndGlobal
